
Microsoft Visual Studio Solution File, Format Version 12.00
# Visual Studio Version 17
VisualStudioVersion = 17.5.002.0
MinimumVisualStudioVersion = 10.0.40219.1
Project("{9A19103F-16F7-4668-BE54-9A1E7A4F7556}") = "Integration", "Integration.csproj", "{16CE175B-644F-4A3C-95BA-D44943704541}"
EndProject
Global
	GlobalSection(SolutionConfigurationPlatforms) = preSolution
		Debug|Any CPU = Debug|Any CPU
		Release|Any CPU = Release|Any CPU
	EndGlobalSection
	GlobalSection(ProjectConfigurationPlatforms) = postSolution
		{16CE175B-644F-4A3C-95BA-D44943704541}.Debug|Any CPU.ActiveCfg = Debug|Any CPU
		{16CE175B-644F-4A3C-95BA-D44943704541}.Debug|Any CPU.Build.0 = Debug|Any CPU
		{16CE175B-644F-4A3C-95BA-D44943704541}.Release|Any CPU.ActiveCfg = Release|Any CPU
		{16CE175B-644F-4A3C-95BA-D44943704541}.Release|Any CPU.Build.0 = Release|Any CPU
	EndGlobalSection
	GlobalSection(SolutionProperties) = preSolution
		HideSolutionNode = FALSE
	EndGlobalSection
	GlobalSection(ExtensibilityGlobals) = postSolution
		SolutionGuid = {56CD0664-E6B4-45B5-865D-42217BBC45C2}
	EndGlobalSection
EndGlobal
